<?xml version="1.0" encoding="utf-8"?>
<Project ToolsVersion="4.0" xmlns="http://schemas.microsoft.com/developer/msbuild/2003">
  <ItemGroup>
    <Filter Include="Source Files">
      <UniqueIdentifier>{4FC737F1-C7A5-4376-A066-2A32D752A2FF}</UniqueIdentifier>
      <Extensions>cpp;c;cc;cxx;def;odl;idl;hpj;bat;asm;asmx</Extensions>
    </Filter>
    <Filter Include="Header Files">
      <UniqueIdentifier>{93995380-89BD-4b04-88EB-625FBE52EBFB}</UniqueIdentifier>
      <Extensions>h;hh;hpp;hxx;hm;inl;inc;xsd</Extensions>
    </Filter>
    <Filter Include="Resource Files">
      <UniqueIdentifier>{67DA6AB6-F800-4c08-8B7A-83BB121AAD01}</UniqueIdentifier>
      <Extensions>rc;ico;cur;bmp;dlg;rc2;rct;bin;rgs;gif;jpg;jpeg;jpe;resx;tiff;tif;png;wav;mfcribbon-ms</Extensions>
    </Filter>
    <Filter Include="Header Files\input">
      <UniqueIdentifier>{8d674f87-aba9-49c9-8546-a7a8949cf278}</UniqueIdentifier>
    </Filter>
    <Filter Include="Source Files\input">
      <UniqueIdentifier>{5bc2b5b7-9be6-40c0-b750-f12a6b1dbcf2}</UniqueIdentifier>
    </Filter>
    <Filter Include="Header Files\world">
      <UniqueIdentifier>{8486e6bb-65af-4725-93ce-9bfc7aee677c}</UniqueIdentifier>
    </Filter>
    <Filter Include="Header Files\engine">
      <UniqueIdentifier>{b86d50b4-3a7c-4d79-b3be-59dfc39fde60}</UniqueIdentifier>
    </Filter>
    <Filter Include="Header Files\utility">
      <UniqueIdentifier>{8f5c3023-6718-4c01-a7e9-1b77927476da}</UniqueIdentifier>
    </Filter>
    <Filter Include="Source Files\engine">
      <UniqueIdentifier>{69b6937e-e07c-443e-b12b-ff94999f4938}</UniqueIdentifier>
    </Filter>
    <Filter Include="Source Files\utility">
      <UniqueIdentifier>{e184b527-898d-40bd-8651-cbde9e6248da}</UniqueIdentifier>
    </Filter>
    <Filter Include="Source Files\world">
      <UniqueIdentifier>{6eb71fdc-c37f-4434-be0f-6ad322c1492f}</UniqueIdentifier>
    </Filter>
  </ItemGroup>
  <ItemGroup>
    <ClInclude Include="keyboard.h">
      <Filter>Header Files\input</Filter>
    </ClInclude>
    <ClInclude Include="mouse.h">
      <Filter>Header Files\input</Filter>
    </ClInclude>
    <ClInclude Include="camera.h">
      <Filter>Header Files\engine</Filter>
    </ClInclude>
    <ClInclude Include="main.h">
      <Filter>Header Files\engine</Filter>
    </ClInclude>
    <ClInclude Include="renderer.h">
      <Filter>Header Files\engine</Filter>
    </ClInclude>
    <ClInclude Include="scene.h">
      <Filter>Header Files\engine</Filter>
    </ClInclude>
    <ClInclude Include="window.h">
      <Filter>Header Files\engine</Filter>
    </ClInclude>
    <ClInclude Include="utility.h">
      <Filter>Header Files\utility</Filter>
    </ClInclude>
    <ClInclude Include="fast_noise.h">
      <Filter>Header Files\utility</Filter>
    </ClInclude>
    <ClInclude Include="constants.h">
      <Filter>Header Files\utility</Filter>
    </ClInclude>
    <ClInclude Include="model.h">
      <Filter>Header Files\engine</Filter>
    </ClInclude>
    <ClInclude Include="mesh.h">
      <Filter>Header Files\engine</Filter>
    </ClInclude>
    <ClInclude Include="world.h">
      <Filter>Header Files\world</Filter>
    </ClInclude>
    <ClInclude Include="chunk.h">
      <Filter>Header Files\world</Filter>
    </ClInclude>
    <ClInclude Include="chunk_manager.h">
      <Filter>Header Files\world</Filter>
    </ClInclude>
    <ClInclude Include="player.h">
      <Filter>Header Files\world</Filter>
    </ClInclude>
    <ClInclude Include="timer.h">
      <Filter>Header Files\utility</Filter>
    </ClInclude>
  </ItemGroup>
  <ItemGroup>
    <ClCompile Include="keyboard.cpp">
      <Filter>Source Files\input</Filter>
    </ClCompile>
    <ClCompile Include="mouse.cpp">
      <Filter>Source Files\input</Filter>
    </ClCompile>
    <ClCompile Include="window.cpp">
      <Filter>Source Files\engine</Filter>
    </ClCompile>
    <ClCompile Include="renderer.cpp">
      <Filter>Source Files\engine</Filter>
    </ClCompile>
    <ClCompile Include="model.cpp">
      <Filter>Source Files\engine</Filter>
    </ClCompile>
    <ClCompile Include="mesh.cpp">
      <Filter>Source Files\engine</Filter>
    </ClCompile>
    <ClCompile Include="camera.cpp">
      <Filter>Source Files\engine</Filter>
    </ClCompile>
    <ClCompile Include="main.cpp">
      <Filter>Source Files\engine</Filter>
    </ClCompile>
    <ClCompile Include="fast_noise.cpp">
      <Filter>Source Files\utility</Filter>
    </ClCompile>
    <ClCompile Include="world.cpp">
      <Filter>Source Files\world</Filter>
    </ClCompile>
    <ClCompile Include="player.cpp">
      <Filter>Source Files\world</Filter>
    </ClCompile>
    <ClCompile Include="chunk_manager.cpp">
      <Filter>Source Files\world</Filter>
    </ClCompile>
    <ClCompile Include="chunk.cpp">
      <Filter>Source Files\world</Filter>
    </ClCompile>
  </ItemGroup>
  <ItemGroup>
    <None Include="test.frag">
      <Filter>Resource Files</Filter>
    </None>
    <None Include="test.vert">
      <Filter>Resource Files</Filter>
    </None>
  </ItemGroup>
</Project>